
Microsoft Visual Studio Solution File, Format Version 12.00
# Visual Studio Version 16
VisualStudioVersion = 16.0.31911.196
MinimumVisualStudioVersion = 10.0.40219.1
Project("{FAE04EC0-301F-11D3-BF4B-00C04F79EFBC}") = "Lab11-Homework", "Lab11-Homework\Lab11-Homework.csproj", "{EE68DAFB-5878-4C2E-B575-BD52D4B121E2}"
EndProject
Project("{FAE04EC0-301F-11D3-BF4B-00C04F79EFBC}") = "StructEquation", "Struct\StructEquation.csproj", "{D2C54FF0-FC23-48D4-929C-FE03CAA1D378}"
EndProject
Global
	GlobalSection(SolutionConfigurationPlatforms) = preSolution
		Debug|Any CPU = Debug|Any CPU
		Release|Any CPU = Release|Any CPU
	EndGlobalSection
	GlobalSection(ProjectConfigurationPlatforms) = postSolution
		{EE68DAFB-5878-4C2E-B575-BD52D4B121E2}.Debug|Any CPU.ActiveCfg = Debug|Any CPU
		{EE68DAFB-5878-4C2E-B575-BD52D4B121E2}.Debug|Any CPU.Build.0 = Debug|Any CPU
		{EE68DAFB-5878-4C2E-B575-BD52D4B121E2}.Release|Any CPU.ActiveCfg = Release|Any CPU
		{EE68DAFB-5878-4C2E-B575-BD52D4B121E2}.Release|Any CPU.Build.0 = Release|Any CPU
		{D2C54FF0-FC23-48D4-929C-FE03CAA1D378}.Debug|Any CPU.ActiveCfg = Debug|Any CPU
		{D2C54FF0-FC23-48D4-929C-FE03CAA1D378}.Debug|Any CPU.Build.0 = Debug|Any CPU
		{D2C54FF0-FC23-48D4-929C-FE03CAA1D378}.Release|Any CPU.ActiveCfg = Release|Any CPU
		{D2C54FF0-FC23-48D4-929C-FE03CAA1D378}.Release|Any CPU.Build.0 = Release|Any CPU
	EndGlobalSection
	GlobalSection(SolutionProperties) = preSolution
		HideSolutionNode = FALSE
	EndGlobalSection
	GlobalSection(ExtensibilityGlobals) = postSolution
		SolutionGuid = {B3E6965E-B84C-49EB-94B6-2AEE58B87B5F}
	EndGlobalSection
EndGlobal
