
Microsoft Visual Studio Solution File, Format Version 12.00
# Visual Studio Version 16
VisualStudioVersion = 16.0.31911.196
MinimumVisualStudioVersion = 10.0.40219.1
Project("{FAE04EC0-301F-11D3-BF4B-00C04F79EFBC}") = "Library_for_Lab11-Homework", "Library_for_Lab11-Homework\Library_for_Lab11-Homework.csproj", "{3B89D8E7-144A-4CE7-90E7-62E4DA30115D}"
EndProject
Global
	GlobalSection(SolutionConfigurationPlatforms) = preSolution
		Debug|Any CPU = Debug|Any CPU
		Release|Any CPU = Release|Any CPU
	EndGlobalSection
	GlobalSection(ProjectConfigurationPlatforms) = postSolution
		{3B89D8E7-144A-4CE7-90E7-62E4DA30115D}.Debug|Any CPU.ActiveCfg = Debug|Any CPU
		{3B89D8E7-144A-4CE7-90E7-62E4DA30115D}.Debug|Any CPU.Build.0 = Debug|Any CPU
		{3B89D8E7-144A-4CE7-90E7-62E4DA30115D}.Release|Any CPU.ActiveCfg = Release|Any CPU
		{3B89D8E7-144A-4CE7-90E7-62E4DA30115D}.Release|Any CPU.Build.0 = Release|Any CPU
	EndGlobalSection
	GlobalSection(SolutionProperties) = preSolution
		HideSolutionNode = FALSE
	EndGlobalSection
	GlobalSection(ExtensibilityGlobals) = postSolution
		SolutionGuid = {3C75AF34-E179-4AFC-857C-494084D9E261}
	EndGlobalSection
EndGlobal
